// !$*UTF8*$!
{
	archiveVersion = 1;
	classes = {
	};
	objectVersion = 50;
	objects = {

/* Begin PBXBuildFile section */
		E778C8102429E8D600C1CEA6 /* AppDelegate.m in Sources */ = {isa = PBXBuildFile; fileRef = E778C80F2429E8D600C1CEA6 /* AppDelegate.m */; };
		E778C8132429E8D600C1CEA6 /* SceneDelegate.m in Sources */ = {isa = PBXBuildFile; fileRef = E778C8122429E8D600C1CEA6 /* SceneDelegate.m */; };
		E778C8162429E8D600C1CEA6 /* ViewController.m in Sources */ = {isa = PBXBuildFile; fileRef = E778C8152429E8D600C1CEA6 /* ViewController.m */; };
		E778C8192429E8D600C1CEA6 /* Main.storyboard in Resources */ = {isa = PBXBuildFile; fileRef = E778C8172429E8D600C1CEA6 /* Main.storyboard */; };
		E778C81B2429E8D700C1CEA6 /* Assets.xcassets in Resources */ = {isa = PBXBuildFile; fileRef = E778C81A2429E8D700C1CEA6 /* Assets.xcassets */; };
		E778C81E2429E8D700C1CEA6 /* LaunchScreen.storyboard in Resources */ = {isa = PBXBuildFile; fileRef = E778C81C2429E8D700C1CEA6 /* LaunchScreen.storyboard */; };
		E778C8212429E8D700C1CEA6 /* main.m in Sources */ = {isa = PBXBuildFile; fileRef = E778C8202429E8D700C1CEA6 /* main.m */; };
		E778C82B2429E8D700C1CEA6 /* _______Tests.m in Sources */ = {isa = PBXBuildFile; fileRef = E778C82A2429E8D700C1CEA6 /* _______Tests.m */; };
		E778C8362429E8D700C1CEA6 /* _______UITests.m in Sources */ = {isa = PBXBuildFile; fileRef = E778C8352429E8D700C1CEA6 /* _______UITests.m */; };
		E778C8482429E8F900C1CEA6 /* XZPerson.m in Sources */ = {isa = PBXBuildFile; fileRef = E778C8472429E8F900C1CEA6 /* XZPerson.m */; };
		E778C84B2429E90E00C1CEA6 /* XZPerson+XZ.m in Sources */ = {isa = PBXBuildFile; fileRef = E778C84A2429E90E00C1CEA6 /* XZPerson+XZ.m */; };
/* End PBXBuildFile section */

/* Begin PBXContainerItemProxy section */
		E778C8272429E8D700C1CEA6 /* PBXContainerItemProxy */ = {
			isa = PBXContainerItemProxy;
			containerPortal = E778C8032429E8D600C1CEA6 /* Project object */;
			proxyType = 1;
			remoteGlobalIDString = E778C80A2429E8D600C1CEA6;
			remoteInfo = "内存管理五大区";
		};
		E778C8322429E8D700C1CEA6 /* PBXContainerItemProxy */ = {
			isa = PBXContainerItemProxy;
			containerPortal = E778C8032429E8D600C1CEA6 /* Project object */;
			proxyType = 1;
			remoteGlobalIDString = E778C80A2429E8D600C1CEA6;
			remoteInfo = "内存管理五大区";
		};
/* End PBXContainerItemProxy section */

/* Begin PBXFileReference section */
		E778C80B2429E8D600C1CEA6 /* 内存管理五大区.app */ = {isa = PBXFileReference; explicitFileType = wrapper.application; includeInIndex = 0; path = "内存管理五大区.app"; sourceTree = BUILT_PRODUCTS_DIR; };
		E778C80E2429E8D600C1CEA6 /* AppDelegate.h */ = {isa = PBXFileReference; lastKnownFileType = sourcecode.c.h; path = AppDelegate.h; sourceTree = "<group>"; };
		E778C80F2429E8D600C1CEA6 /* AppDelegate.m */ = {isa = PBXFileReference; lastKnownFileType = sourcecode.c.objc; path = AppDelegate.m; sourceTree = "<group>"; };
		E778C8112429E8D600C1CEA6 /* SceneDelegate.h */ = {isa = PBXFileReference; lastKnownFileType = sourcecode.c.h; path = SceneDelegate.h; sourceTree = "<group>"; };
		E778C8122429E8D600C1CEA6 /* SceneDelegate.m */ = {isa = PBXFileReference; lastKnownFileType = sourcecode.c.objc; path = SceneDelegate.m; sourceTree = "<group>"; };
		E778C8142429E8D600C1CEA6 /* ViewController.h */ = {isa = PBXFileReference; lastKnownFileType = sourcecode.c.h; path = ViewController.h; sourceTree = "<group>"; };
		E778C8152429E8D600C1CEA6 /* ViewController.m */ = {isa = PBXFileReference; lastKnownFileType = sourcecode.c.objc; path = ViewController.m; sourceTree = "<group>"; };
		E778C8182429E8D600C1CEA6 /* Base */ = {isa = PBXFileReference; lastKnownFileType = file.storyboard; name = Base; path = Base.lproj/Main.storyboard; sourceTree = "<group>"; };
		E778C81A2429E8D700C1CEA6 /* Assets.xcassets */ = {isa = PBXFileReference; lastKnownFileType = folder.assetcatalog; path = Assets.xcassets; sourceTree = "<group>"; };
		E778C81D2429E8D700C1CEA6 /* Base */ = {isa = PBXFileReference; lastKnownFileType = file.storyboard; name = Base; path = Base.lproj/LaunchScreen.storyboard; sourceTree = "<group>"; };
		E778C81F2429E8D700C1CEA6 /* Info.plist */ = {isa = PBXFileReference; lastKnownFileType = text.plist.xml; path = Info.plist; sourceTree = "<group>"; };
		E778C8202429E8D700C1CEA6 /* main.m */ = {isa = PBXFileReference; lastKnownFileType = sourcecode.c.objc; path = main.m; sourceTree = "<group>"; };
		E778C8262429E8D700C1CEA6 /* 内存管理五大区Tests.xctest */ = {isa = PBXFileReference; explicitFileType = wrapper.cfbundle; includeInIndex = 0; path = "内存管理五大区Tests.xctest"; sourceTree = BUILT_PRODUCTS_DIR; };
		E778C82A2429E8D700C1CEA6 /* _______Tests.m */ = {isa = PBXFileReference; lastKnownFileType = sourcecode.c.objc; path = "_______Tests.m"; sourceTree = "<group>"; };
		E778C82C2429E8D700C1CEA6 /* Info.plist */ = {isa = PBXFileReference; lastKnownFileType = text.plist.xml; path = Info.plist; sourceTree = "<group>"; };
		E778C8312429E8D700C1CEA6 /* 内存管理五大区UITests.xctest */ = {isa = PBXFileReference; explicitFileType = wrapper.cfbundle; includeInIndex = 0; path = "内存管理五大区UITests.xctest"; sourceTree = BUILT_PRODUCTS_DIR; };
		E778C8352429E8D700C1CEA6 /* _______UITests.m */ = {isa = PBXFileReference; lastKnownFileType = sourcecode.c.objc; path = "_______UITests.m"; sourceTree = "<group>"; };
		E778C8372429E8D700C1CEA6 /* Info.plist */ = {isa = PBXFileReference; lastKnownFileType = text.plist.xml; path = Info.plist; sourceTree = "<group>"; };
		E778C8462429E8F900C1CEA6 /* XZPerson.h */ = {isa = PBXFileReference; lastKnownFileType = sourcecode.c.h; path = XZPerson.h; sourceTree = "<group>"; };
		E778C8472429E8F900C1CEA6 /* XZPerson.m */ = {isa = PBXFileReference; lastKnownFileType = sourcecode.c.objc; path = XZPerson.m; sourceTree = "<group>"; };
		E778C8492429E90E00C1CEA6 /* XZPerson+XZ.h */ = {isa = PBXFileReference; lastKnownFileType = sourcecode.c.h; path = "XZPerson+XZ.h"; sourceTree = "<group>"; };
		E778C84A2429E90E00C1CEA6 /* XZPerson+XZ.m */ = {isa = PBXFileReference; lastKnownFileType = sourcecode.c.objc; path = "XZPerson+XZ.m"; sourceTree = "<group>"; };
/* End PBXFileReference section */

/* Begin PBXFrameworksBuildPhase section */
		E778C8082429E8D600C1CEA6 /* Frameworks */ = {
			isa = PBXFrameworksBuildPhase;
			buildActionMask = 2147483647;
			files = (
			);
			runOnlyForDeploymentPostprocessing = 0;
		};
		E778C8232429E8D700C1CEA6 /* Frameworks */ = {
			isa = PBXFrameworksBuildPhase;
			buildActionMask = 2147483647;
			files = (
			);
			runOnlyForDeploymentPostprocessing = 0;
		};
		E778C82E2429E8D700C1CEA6 /* Frameworks */ = {
			isa = PBXFrameworksBuildPhase;
			buildActionMask = 2147483647;
			files = (
			);
			runOnlyForDeploymentPostprocessing = 0;
		};
/* End PBXFrameworksBuildPhase section */

/* Begin PBXGroup section */
		E778C8022429E8D600C1CEA6 = {
			isa = PBXGroup;
			children = (
				E778C80D2429E8D600C1CEA6 /* 内存管理五大区 */,
				E778C8292429E8D700C1CEA6 /* 内存管理五大区Tests */,
				E778C8342429E8D700C1CEA6 /* 内存管理五大区UITests */,
				E778C80C2429E8D600C1CEA6 /* Products */,
			);
			sourceTree = "<group>";
		};
		E778C80C2429E8D600C1CEA6 /* Products */ = {
			isa = PBXGroup;
			children = (
				E778C80B2429E8D600C1CEA6 /* 内存管理五大区.app */,
				E778C8262429E8D700C1CEA6 /* 内存管理五大区Tests.xctest */,
				E778C8312429E8D700C1CEA6 /* 内存管理五大区UITests.xctest */,
			);
			name = Products;
			sourceTree = "<group>";
		};
		E778C80D2429E8D600C1CEA6 /* 内存管理五大区 */ = {
			isa = PBXGroup;
			children = (
				E778C80E2429E8D600C1CEA6 /* AppDelegate.h */,
				E778C80F2429E8D600C1CEA6 /* AppDelegate.m */,
				E778C8112429E8D600C1CEA6 /* SceneDelegate.h */,
				E778C8122429E8D600C1CEA6 /* SceneDelegate.m */,
				E778C8142429E8D600C1CEA6 /* ViewController.h */,
				E778C8152429E8D600C1CEA6 /* ViewController.m */,
				E778C8462429E8F900C1CEA6 /* XZPerson.h */,
				E778C8472429E8F900C1CEA6 /* XZPerson.m */,
				E778C8492429E90E00C1CEA6 /* XZPerson+XZ.h */,
				E778C84A2429E90E00C1CEA6 /* XZPerson+XZ.m */,
				E778C8172429E8D600C1CEA6 /* Main.storyboard */,
				E778C81A2429E8D700C1CEA6 /* Assets.xcassets */,
				E778C81C2429E8D700C1CEA6 /* LaunchScreen.storyboard */,
				E778C81F2429E8D700C1CEA6 /* Info.plist */,
				E778C8202429E8D700C1CEA6 /* main.m */,
			);
			path = "内存管理五大区";
			sourceTree = "<group>";
		};
		E778C8292429E8D700C1CEA6 /* 内存管理五大区Tests */ = {
			isa = PBXGroup;
			children = (
				E778C82A2429E8D700C1CEA6 /* _______Tests.m */,
				E778C82C2429E8D700C1CEA6 /* Info.plist */,
			);
			path = "内存管理五大区Tests";
			sourceTree = "<group>";
		};
		E778C8342429E8D700C1CEA6 /* 内存管理五大区UITests */ = {
			isa = PBXGroup;
			children = (
				E778C8352429E8D700C1CEA6 /* _______UITests.m */,
				E778C8372429E8D700C1CEA6 /* Info.plist */,
			);
			path = "内存管理五大区UITests";
			sourceTree = "<group>";
		};
/* End PBXGroup section */

/* Begin PBXNativeTarget section */
		E778C80A2429E8D600C1CEA6 /* 内存管理五大区 */ = {
			isa = PBXNativeTarget;
			buildConfigurationList = E778C83A2429E8D700C1CEA6 /* Build configuration list for PBXNativeTarget "内存管理五大区" */;
			buildPhases = (
				E778C8072429E8D600C1CEA6 /* Sources */,
				E778C8082429E8D600C1CEA6 /* Frameworks */,
				E778C8092429E8D600C1CEA6 /* Resources */,
			);
			buildRules = (
			);
			dependencies = (
			);
			name = "内存管理五大区";
			productName = "内存管理五大区";
			productReference = E778C80B2429E8D600C1CEA6 /* 内存管理五大区.app */;
			productType = "com.apple.product-type.application";
		};
		E778C8252429E8D700C1CEA6 /* 内存管理五大区Tests */ = {
			isa = PBXNativeTarget;
			buildConfigurationList = E778C83D2429E8D700C1CEA6 /* Build configuration list for PBXNativeTarget "内存管理五大区Tests" */;
			buildPhases = (
				E778C8222429E8D700C1CEA6 /* Sources */,
				E778C8232429E8D700C1CEA6 /* Frameworks */,
				E778C8242429E8D700C1CEA6 /* Resources */,
			);
			buildRules = (
			);
			dependencies = (
				E778C8282429E8D700C1CEA6 /* PBXTargetDependency */,
			);
			name = "内存管理五大区Tests";
			productName = "内存管理五大区Tests";
			productReference = E778C8262429E8D700C1CEA6 /* 内存管理五大区Tests.xctest */;
			productType = "com.apple.product-type.bundle.unit-test";
		};
		E778C8302429E8D700C1CEA6 /* 内存管理五大区UITests */ = {
			isa = PBXNativeTarget;
			buildConfigurationList = E778C8402429E8D700C1CEA6 /* Build configuration list for PBXNativeTarget "内存管理五大区UITests" */;
			buildPhases = (
				E778C82D2429E8D700C1CEA6 /* Sources */,
				E778C82E2429E8D700C1CEA6 /* Frameworks */,
				E778C82F2429E8D700C1CEA6 /* Resources */,
			);
			buildRules = (
			);
			dependencies = (
				E778C8332429E8D700C1CEA6 /* PBXTargetDependency */,
			);
			name = "内存管理五大区UITests";
			productName = "内存管理五大区UITests";
			productReference = E778C8312429E8D700C1CEA6 /* 内存管理五大区UITests.xctest */;
			productType = "com.apple.product-type.bundle.ui-testing";
		};
/* End PBXNativeTarget section */

/* Begin PBXProject section */
		E778C8032429E8D600C1CEA6 /* Project object */ = {
			isa = PBXProject;
			attributes = {
				LastUpgradeCheck = 1130;
				ORGANIZATIONNAME = zhaixingzhi;
				TargetAttributes = {
					E778C80A2429E8D600C1CEA6 = {
						CreatedOnToolsVersion = 11.3.1;
					};
					E778C8252429E8D700C1CEA6 = {
						CreatedOnToolsVersion = 11.3.1;
						TestTargetID = E778C80A2429E8D600C1CEA6;
					};
					E778C8302429E8D700C1CEA6 = {
						CreatedOnToolsVersion = 11.3.1;
						TestTargetID = E778C80A2429E8D600C1CEA6;
					};
				};
			};
			buildConfigurationList = E778C8062429E8D600C1CEA6 /* Build configuration list for PBXProject "内存管理五大区" */;
			compatibilityVersion = "Xcode 9.3";
			developmentRegion = en;
			hasScannedForEncodings = 0;
			knownRegions = (
				en,
				Base,
			);
			mainGroup = E778C8022429E8D600C1CEA6;
			productRefGroup = E778C80C2429E8D600C1CEA6 /* Products */;
			projectDirPath = "";
			projectRoot = "";
			targets = (
				E778C80A2429E8D600C1CEA6 /* 内存管理五大区 */,
				E778C8252429E8D700C1CEA6 /* 内存管理五大区Tests */,
				E778C8302429E8D700C1CEA6 /* 内存管理五大区UITests */,
			);
		};
/* End PBXProject section */

/* Begin PBXResourcesBuildPhase section */
		E778C8092429E8D600C1CEA6 /* Resources */ = {
			isa = PBXResourcesBuildPhase;
			buildActionMask = 2147483647;
			files = (
				E778C81E2429E8D700C1CEA6 /* LaunchScreen.storyboard in Resources */,
				E778C81B2429E8D700C1CEA6 /* Assets.xcassets in Resources */,
				E778C8192429E8D600C1CEA6 /* Main.storyboard in Resources */,
			);
			runOnlyForDeploymentPostprocessing = 0;
		};
		E778C8242429E8D700C1CEA6 /* Resources */ = {
			isa = PBXResourcesBuildPhase;
			buildActionMask = 2147483647;
			files = (
			);
			runOnlyForDeploymentPostprocessing = 0;
		};
		E778C82F2429E8D700C1CEA6 /* Resources */ = {
			isa = PBXResourcesBuildPhase;
			buildActionMask = 2147483647;
			files = (
			);
			runOnlyForDeploymentPostprocessing = 0;
		};
/* End PBXResourcesBuildPhase section */

/* Begin PBXSourcesBuildPhase section */
		E778C8072429E8D600C1CEA6 /* Sources */ = {
			isa = PBXSourcesBuildPhase;
			buildActionMask = 2147483647;
			files = (
				E778C8162429E8D600C1CEA6 /* ViewController.m in Sources */,
				E778C8102429E8D600C1CEA6 /* AppDelegate.m in Sources */,
				E778C8212429E8D700C1CEA6 /* main.m in Sources */,
				E778C8482429E8F900C1CEA6 /* XZPerson.m in Sources */,
				E778C84B2429E90E00C1CEA6 /* XZPerson+XZ.m in Sources */,
				E778C8132429E8D600C1CEA6 /* SceneDelegate.m in Sources */,
			);
			runOnlyForDeploymentPostprocessing = 0;
		};
		E778C8222429E8D700C1CEA6 /* Sources */ = {
			isa = PBXSourcesBuildPhase;
			buildActionMask = 2147483647;
			files = (
				E778C82B2429E8D700C1CEA6 /* _______Tests.m in Sources */,
			);
			runOnlyForDeploymentPostprocessing = 0;
		};
		E778C82D2429E8D700C1CEA6 /* Sources */ = {
			isa = PBXSourcesBuildPhase;
			buildActionMask = 2147483647;
			files = (
				E778C8362429E8D700C1CEA6 /* _______UITests.m in Sources */,
			);
			runOnlyForDeploymentPostprocessing = 0;
		};
/* End PBXSourcesBuildPhase section */

/* Begin PBXTargetDependency section */
		E778C8282429E8D700C1CEA6 /* PBXTargetDependency */ = {
			isa = PBXTargetDependency;
			target = E778C80A2429E8D600C1CEA6 /* 内存管理五大区 */;
			targetProxy = E778C8272429E8D700C1CEA6 /* PBXContainerItemProxy */;
		};
		E778C8332429E8D700C1CEA6 /* PBXTargetDependency */ = {
			isa = PBXTargetDependency;
			target = E778C80A2429E8D600C1CEA6 /* 内存管理五大区 */;
			targetProxy = E778C8322429E8D700C1CEA6 /* PBXContainerItemProxy */;
		};
/* End PBXTargetDependency section */

/* Begin PBXVariantGroup section */
		E778C8172429E8D600C1CEA6 /* Main.storyboard */ = {
			isa = PBXVariantGroup;
			children = (
				E778C8182429E8D600C1CEA6 /* Base */,
			);
			name = Main.storyboard;
			sourceTree = "<group>";
		};
		E778C81C2429E8D700C1CEA6 /* LaunchScreen.storyboard */ = {
			isa = PBXVariantGroup;
			children = (
				E778C81D2429E8D700C1CEA6 /* Base */,
			);
			name = LaunchScreen.storyboard;
			sourceTree = "<group>";
		};
/* End PBXVariantGroup section */

/* Begin XCBuildConfiguration section */
		E778C8382429E8D700C1CEA6 /* Debug */ = {
			isa = XCBuildConfiguration;
			buildSettings = {
				ALWAYS_SEARCH_USER_PATHS = NO;
				CLANG_ANALYZER_NONNULL = YES;
				CLANG_ANALYZER_NUMBER_OBJECT_CONVERSION = YES_AGGRESSIVE;
				CLANG_CXX_LANGUAGE_STANDARD = "gnu++14";
				CLANG_CXX_LIBRARY = "libc++";
				CLANG_ENABLE_MODULES = YES;
				CLANG_ENABLE_OBJC_ARC = YES;
				CLANG_ENABLE_OBJC_WEAK = YES;
				CLANG_WARN_BLOCK_CAPTURE_AUTORELEASING = YES;
				CLANG_WARN_BOOL_CONVERSION = YES;
				CLANG_WARN_COMMA = YES;
				CLANG_WARN_CONSTANT_CONVERSION = YES;
				CLANG_WARN_DEPRECATED_OBJC_IMPLEMENTATIONS = YES;
				CLANG_WARN_DIRECT_OBJC_ISA_USAGE = YES_ERROR;
				CLANG_WARN_DOCUMENTATION_COMMENTS = YES;
				CLANG_WARN_EMPTY_BODY = YES;
				CLANG_WARN_ENUM_CONVERSION = YES;
				CLANG_WARN_INFINITE_RECURSION = YES;
				CLANG_WARN_INT_CONVERSION = YES;
				CLANG_WARN_NON_LITERAL_NULL_CONVERSION = YES;
				CLANG_WARN_OBJC_IMPLICIT_RETAIN_SELF = YES;
				CLANG_WARN_OBJC_LITERAL_CONVERSION = YES;
				CLANG_WARN_OBJC_ROOT_CLASS = YES_ERROR;
				CLANG_WARN_RANGE_LOOP_ANALYSIS = YES;
				CLANG_WARN_STRICT_PROTOTYPES = YES;
				CLANG_WARN_SUSPICIOUS_MOVE = YES;
				CLANG_WARN_UNGUARDED_AVAILABILITY = YES_AGGRESSIVE;
				CLANG_WARN_UNREACHABLE_CODE = YES;
				CLANG_WARN__DUPLICATE_METHOD_MATCH = YES;
				COPY_PHASE_STRIP = NO;
				DEBUG_INFORMATION_FORMAT = dwarf;
				ENABLE_STRICT_OBJC_MSGSEND = YES;
				ENABLE_TESTABILITY = YES;
				GCC_C_LANGUAGE_STANDARD = gnu11;
				GCC_DYNAMIC_NO_PIC = NO;
				GCC_NO_COMMON_BLOCKS = YES;
				GCC_OPTIMIZATION_LEVEL = 0;
				GCC_PREPROCESSOR_DEFINITIONS = (
					"DEBUG=1",
					"$(inherited)",
				);
				GCC_WARN_64_TO_32_BIT_CONVERSION = YES;
				GCC_WARN_ABOUT_RETURN_TYPE = YES_ERROR;
				GCC_WARN_UNDECLARED_SELECTOR = YES;
				GCC_WARN_UNINITIALIZED_AUTOS = YES_AGGRESSIVE;
				GCC_WARN_UNUSED_FUNCTION = YES;
				GCC_WARN_UNUSED_VARIABLE = YES;
				IPHONEOS_DEPLOYMENT_TARGET = 13.2;
				MTL_ENABLE_DEBUG_INFO = INCLUDE_SOURCE;
				MTL_FAST_MATH = YES;
				ONLY_ACTIVE_ARCH = YES;
				SDKROOT = iphoneos;
			};
			name = Debug;
		};
		E778C8392429E8D700C1CEA6 /* Release */ = {
			isa = XCBuildConfiguration;
			buildSettings = {
				ALWAYS_SEARCH_USER_PATHS = NO;
				CLANG_ANALYZER_NONNULL = YES;
				CLANG_ANALYZER_NUMBER_OBJECT_CONVERSION = YES_AGGRESSIVE;
				CLANG_CXX_LANGUAGE_STANDARD = "gnu++14";
				CLANG_CXX_LIBRARY = "libc++";
				CLANG_ENABLE_MODULES = YES;
				CLANG_ENABLE_OBJC_ARC = YES;
				CLANG_ENABLE_OBJC_WEAK = YES;
				CLANG_WARN_BLOCK_CAPTURE_AUTORELEASING = YES;
				CLANG_WARN_BOOL_CONVERSION = YES;
				CLANG_WARN_COMMA = YES;
				CLANG_WARN_CONSTANT_CONVERSION = YES;
				CLANG_WARN_DEPRECATED_OBJC_IMPLEMENTATIONS = YES;
				CLANG_WARN_DIRECT_OBJC_ISA_USAGE = YES_ERROR;
				CLANG_WARN_DOCUMENTATION_COMMENTS = YES;
				CLANG_WARN_EMPTY_BODY = YES;
				CLANG_WARN_ENUM_CONVERSION = YES;
				CLANG_WARN_INFINITE_RECURSION = YES;
				CLANG_WARN_INT_CONVERSION = YES;
				CLANG_WARN_NON_LITERAL_NULL_CONVERSION = YES;
				CLANG_WARN_OBJC_IMPLICIT_RETAIN_SELF = YES;
				CLANG_WARN_OBJC_LITERAL_CONVERSION = YES;
				CLANG_WARN_OBJC_ROOT_CLASS = YES_ERROR;
				CLANG_WARN_RANGE_LOOP_ANALYSIS = YES;
				CLANG_WARN_STRICT_PROTOTYPES = YES;
				CLANG_WARN_SUSPICIOUS_MOVE = YES;
				CLANG_WARN_UNGUARDED_AVAILABILITY = YES_AGGRESSIVE;
				CLANG_WARN_UNREACHABLE_CODE = YES;
				CLANG_WARN__DUPLICATE_METHOD_MATCH = YES;
				COPY_PHASE_STRIP = NO;
				DEBUG_INFORMATION_FORMAT = "dwarf-with-dsym";
				ENABLE_NS_ASSERTIONS = NO;
				ENABLE_STRICT_OBJC_MSGSEND = YES;
				GCC_C_LANGUAGE_STANDARD = gnu11;
				GCC_NO_COMMON_BLOCKS = YES;
				GCC_WARN_64_TO_32_BIT_CONVERSION = YES;
				GCC_WARN_ABOUT_RETURN_TYPE = YES_ERROR;
				GCC_WARN_UNDECLARED_SELECTOR = YES;
				GCC_WARN_UNINITIALIZED_AUTOS = YES_AGGRESSIVE;
				GCC_WARN_UNUSED_FUNCTION = YES;
				GCC_WARN_UNUSED_VARIABLE = YES;
				IPHONEOS_DEPLOYMENT_TARGET = 13.2;
				MTL_ENABLE_DEBUG_INFO = NO;
				MTL_FAST_MATH = YES;
				SDKROOT = iphoneos;
				VALIDATE_PRODUCT = YES;
			};
			name = Release;
		};
		E778C83B2429E8D700C1CEA6 /* Debug */ = {
			isa = XCBuildConfiguration;
			buildSettings = {
				ASSETCATALOG_COMPILER_APPICON_NAME = AppIcon;
				CODE_SIGN_STYLE = Automatic;
				DEVELOPMENT_TEAM = 22XQSQW7E7;
				INFOPLIST_FILE = "内存管理五大区/Info.plist";
				LD_RUNPATH_SEARCH_PATHS = (
					"$(inherited)",
					"@executable_path/Frameworks",
				);
				PRODUCT_BUNDLE_IDENTIFIER = "com.alan.-------";
				PRODUCT_NAME = "$(TARGET_NAME)";
				TARGETED_DEVICE_FAMILY = "1,2";
			};
			name = Debug;
		};
		E778C83C2429E8D700C1CEA6 /* Release */ = {
			isa = XCBuildConfiguration;
			buildSettings = {
				ASSETCATALOG_COMPILER_APPICON_NAME = AppIcon;
				CODE_SIGN_STYLE = Automatic;
				DEVELOPMENT_TEAM = 22XQSQW7E7;
				INFOPLIST_FILE = "内存管理五大区/Info.plist";
				LD_RUNPATH_SEARCH_PATHS = (
					"$(inherited)",
					"@executable_path/Frameworks",
				);
				PRODUCT_BUNDLE_IDENTIFIER = "com.alan.-------";
				PRODUCT_NAME = "$(TARGET_NAME)";
				TARGETED_DEVICE_FAMILY = "1,2";
			};
			name = Release;
		};
		E778C83E2429E8D700C1CEA6 /* Debug */ = {
			isa = XCBuildConfiguration;
			buildSettings = {
				BUNDLE_LOADER = "$(TEST_HOST)";
				CODE_SIGN_STYLE = Automatic;
				DEVELOPMENT_TEAM = 22XQSQW7E7;
				INFOPLIST_FILE = "内存管理五大区Tests/Info.plist";
				IPHONEOS_DEPLOYMENT_TARGET = 13.2;
				LD_RUNPATH_SEARCH_PATHS = (
					"$(inherited)",
					"@executable_path/Frameworks",
					"@loader_path/Frameworks",
				);
				PRODUCT_BUNDLE_IDENTIFIER = "com.alan.-------Tests";
				PRODUCT_NAME = "$(TARGET_NAME)";
				TARGETED_DEVICE_FAMILY = "1,2";
				TEST_HOST = "$(BUILT_PRODUCTS_DIR)/内存管理五大区.app/内存管理五大区";
			};
			name = Debug;
		};
		E778C83F2429E8D700C1CEA6 /* Release */ = {
			isa = XCBuildConfiguration;
			buildSettings = {
				BUNDLE_LOADER = "$(TEST_HOST)";
				CODE_SIGN_STYLE = Automatic;
				DEVELOPMENT_TEAM = 22XQSQW7E7;
				INFOPLIST_FILE = "内存管理五大区Tests/Info.plist";
				IPHONEOS_DEPLOYMENT_TARGET = 13.2;
				LD_RUNPATH_SEARCH_PATHS = (
					"$(inherited)",
					"@executable_path/Frameworks",
					"@loader_path/Frameworks",
				);
				PRODUCT_BUNDLE_IDENTIFIER = "com.alan.-------Tests";
				PRODUCT_NAME = "$(TARGET_NAME)";
				TARGETED_DEVICE_FAMILY = "1,2";
				TEST_HOST = "$(BUILT_PRODUCTS_DIR)/内存管理五大区.app/内存管理五大区";
			};
			name = Release;
		};
		E778C8412429E8D700C1CEA6 /* Debug */ = {
			isa = XCBuildConfiguration;
			buildSettings = {
				CODE_SIGN_STYLE = Automatic;
				DEVELOPMENT_TEAM = 22XQSQW7E7;
				INFOPLIST_FILE = "内存管理五大区UITests/Info.plist";
				LD_RUNPATH_SEARCH_PATHS = (
					"$(inherited)",
					"@executable_path/Frameworks",
					"@loader_path/Frameworks",
				);
				PRODUCT_BUNDLE_IDENTIFIER = "com.alan.-------UITests";
				PRODUCT_NAME = "$(TARGET_NAME)";
				TARGETED_DEVICE_FAMILY = "1,2";
				TEST_TARGET_NAME = "内存管理五大区";
			};
			name = Debug;
		};
		E778C8422429E8D700C1CEA6 /* Release */ = {
			isa = XCBuildConfiguration;
			buildSettings = {
				CODE_SIGN_STYLE = Automatic;
				DEVELOPMENT_TEAM = 22XQSQW7E7;
				INFOPLIST_FILE = "内存管理五大区UITests/Info.plist";
				LD_RUNPATH_SEARCH_PATHS = (
					"$(inherited)",
					"@executable_path/Frameworks",
					"@loader_path/Frameworks",
				);
				PRODUCT_BUNDLE_IDENTIFIER = "com.alan.-------UITests";
				PRODUCT_NAME = "$(TARGET_NAME)";
				TARGETED_DEVICE_FAMILY = "1,2";
				TEST_TARGET_NAME = "内存管理五大区";
			};
			name = Release;
		};
/* End XCBuildConfiguration section */

/* Begin XCConfigurationList section */
		E778C8062429E8D600C1CEA6 /* Build configuration list for PBXProject "内存管理五大区" */ = {
			isa = XCConfigurationList;
			buildConfigurations = (
				E778C8382429E8D700C1CEA6 /* Debug */,
				E778C8392429E8D700C1CEA6 /* Release */,
			);
			defaultConfigurationIsVisible = 0;
			defaultConfigurationName = Release;
		};
		E778C83A2429E8D700C1CEA6 /* Build configuration list for PBXNativeTarget "内存管理五大区" */ = {
			isa = XCConfigurationList;
			buildConfigurations = (
				E778C83B2429E8D700C1CEA6 /* Debug */,
				E778C83C2429E8D700C1CEA6 /* Release */,
			);
			defaultConfigurationIsVisible = 0;
			defaultConfigurationName = Release;
		};
		E778C83D2429E8D700C1CEA6 /* Build configuration list for PBXNativeTarget "内存管理五大区Tests" */ = {
			isa = XCConfigurationList;
			buildConfigurations = (
				E778C83E2429E8D700C1CEA6 /* Debug */,
				E778C83F2429E8D700C1CEA6 /* Release */,
			);
			defaultConfigurationIsVisible = 0;
			defaultConfigurationName = Release;
		};
		E778C8402429E8D700C1CEA6 /* Build configuration list for PBXNativeTarget "内存管理五大区UITests" */ = {
			isa = XCConfigurationList;
			buildConfigurations = (
				E778C8412429E8D700C1CEA6 /* Debug */,
				E778C8422429E8D700C1CEA6 /* Release */,
			);
			defaultConfigurationIsVisible = 0;
			defaultConfigurationName = Release;
		};
/* End XCConfigurationList section */
	};
	rootObject = E778C8032429E8D600C1CEA6 /* Project object */;
}
